// !$*UTF8*$!
{
	archiveVersion = 1;
	classes = {
	};
	objectVersion = 55;
	objects = {

/* Begin PBXBuildFile section */
		220A1BB52C6EDB11005046C8 /* AppDelegate.m in Sources */ = {isa = PBXBuildFile; fileRef = 220A1BB42C6EDB11005046C8 /* AppDelegate.m */; };
		220A1BB82C6EDB11005046C8 /* SceneDelegate.m in Sources */ = {isa = PBXBuildFile; fileRef = 220A1BB72C6EDB11005046C8 /* SceneDelegate.m */; };
		220A1BBB2C6EDB11005046C8 /* ViewController.m in Sources */ = {isa = PBXBuildFile; fileRef = 220A1BBA2C6EDB11005046C8 /* ViewController.m */; };
		220A1BBE2C6EDB11005046C8 /* Main.storyboard in Resources */ = {isa = PBXBuildFile; fileRef = 220A1BBC2C6EDB11005046C8 /* Main.storyboard */; };
		220A1BC02C6EDB16005046C8 /* Assets.xcassets in Resources */ = {isa = PBXBuildFile; fileRef = 220A1BBF2C6EDB16005046C8 /* Assets.xcassets */; };
		220A1BC32C6EDB16005046C8 /* LaunchScreen.storyboard in Resources */ = {isa = PBXBuildFile; fileRef = 220A1BC12C6EDB16005046C8 /* LaunchScreen.storyboard */; };
		220A1BC62C6EDB16005046C8 /* main.m in Sources */ = {isa = PBXBuildFile; fileRef = 220A1BC52C6EDB16005046C8 /* main.m */; };
		220A1BD02C6EDB17005046C8 /* tarea1Tests.m in Sources */ = {isa = PBXBuildFile; fileRef = 220A1BCF2C6EDB17005046C8 /* tarea1Tests.m */; };
		220A1BDA2C6EDB17005046C8 /* tarea1UITests.m in Sources */ = {isa = PBXBuildFile; fileRef = 220A1BD92C6EDB17005046C8 /* tarea1UITests.m */; };
		220A1BDC2C6EDB17005046C8 /* tarea1UITestsLaunchTests.m in Sources */ = {isa = PBXBuildFile; fileRef = 220A1BDB2C6EDB17005046C8 /* tarea1UITestsLaunchTests.m */; };
/* End PBXBuildFile section */

/* Begin PBXContainerItemProxy section */
		220A1BCC2C6EDB17005046C8 /* PBXContainerItemProxy */ = {
			isa = PBXContainerItemProxy;
			containerPortal = 220A1BA82C6EDB10005046C8 /* Project object */;
			proxyType = 1;
			remoteGlobalIDString = 220A1BAF2C6EDB10005046C8;
			remoteInfo = tarea1;
		};
		220A1BD62C6EDB17005046C8 /* PBXContainerItemProxy */ = {
			isa = PBXContainerItemProxy;
			containerPortal = 220A1BA82C6EDB10005046C8 /* Project object */;
			proxyType = 1;
			remoteGlobalIDString = 220A1BAF2C6EDB10005046C8;
			remoteInfo = tarea1;
		};
/* End PBXContainerItemProxy section */

/* Begin PBXFileReference section */
		220A1BB02C6EDB10005046C8 /* tarea1.app */ = {isa = PBXFileReference; explicitFileType = wrapper.application; includeInIndex = 0; path = tarea1.app; sourceTree = BUILT_PRODUCTS_DIR; };
		220A1BB32C6EDB11005046C8 /* AppDelegate.h */ = {isa = PBXFileReference; lastKnownFileType = sourcecode.c.h; path = AppDelegate.h; sourceTree = "<group>"; };
		220A1BB42C6EDB11005046C8 /* AppDelegate.m */ = {isa = PBXFileReference; lastKnownFileType = sourcecode.c.objc; path = AppDelegate.m; sourceTree = "<group>"; };
		220A1BB62C6EDB11005046C8 /* SceneDelegate.h */ = {isa = PBXFileReference; lastKnownFileType = sourcecode.c.h; path = SceneDelegate.h; sourceTree = "<group>"; };
		220A1BB72C6EDB11005046C8 /* SceneDelegate.m */ = {isa = PBXFileReference; lastKnownFileType = sourcecode.c.objc; path = SceneDelegate.m; sourceTree = "<group>"; };
		220A1BB92C6EDB11005046C8 /* ViewController.h */ = {isa = PBXFileReference; lastKnownFileType = sourcecode.c.h; path = ViewController.h; sourceTree = "<group>"; };
		220A1BBA2C6EDB11005046C8 /* ViewController.m */ = {isa = PBXFileReference; lastKnownFileType = sourcecode.c.objc; path = ViewController.m; sourceTree = "<group>"; };
		220A1BBD2C6EDB11005046C8 /* Base */ = {isa = PBXFileReference; lastKnownFileType = file.storyboard; name = Base; path = Base.lproj/Main.storyboard; sourceTree = "<group>"; };
		220A1BBF2C6EDB16005046C8 /* Assets.xcassets */ = {isa = PBXFileReference; lastKnownFileType = folder.assetcatalog; path = Assets.xcassets; sourceTree = "<group>"; };
		220A1BC22C6EDB16005046C8 /* Base */ = {isa = PBXFileReference; lastKnownFileType = file.storyboard; name = Base; path = Base.lproj/LaunchScreen.storyboard; sourceTree = "<group>"; };
		220A1BC42C6EDB16005046C8 /* Info.plist */ = {isa = PBXFileReference; lastKnownFileType = text.plist.xml; path = Info.plist; sourceTree = "<group>"; };
		220A1BC52C6EDB16005046C8 /* main.m */ = {isa = PBXFileReference; lastKnownFileType = sourcecode.c.objc; path = main.m; sourceTree = "<group>"; };
		220A1BCB2C6EDB17005046C8 /* tarea1Tests.xctest */ = {isa = PBXFileReference; explicitFileType = wrapper.cfbundle; includeInIndex = 0; path = tarea1Tests.xctest; sourceTree = BUILT_PRODUCTS_DIR; };
		220A1BCF2C6EDB17005046C8 /* tarea1Tests.m */ = {isa = PBXFileReference; lastKnownFileType = sourcecode.c.objc; path = tarea1Tests.m; sourceTree = "<group>"; };
		220A1BD52C6EDB17005046C8 /* tarea1UITests.xctest */ = {isa = PBXFileReference; explicitFileType = wrapper.cfbundle; includeInIndex = 0; path = tarea1UITests.xctest; sourceTree = BUILT_PRODUCTS_DIR; };
		220A1BD92C6EDB17005046C8 /* tarea1UITests.m */ = {isa = PBXFileReference; lastKnownFileType = sourcecode.c.objc; path = tarea1UITests.m; sourceTree = "<group>"; };
		220A1BDB2C6EDB17005046C8 /* tarea1UITestsLaunchTests.m */ = {isa = PBXFileReference; lastKnownFileType = sourcecode.c.objc; path = tarea1UITestsLaunchTests.m; sourceTree = "<group>"; };
/* End PBXFileReference section */

/* Begin PBXFrameworksBuildPhase section */
		220A1BAD2C6EDB10005046C8 /* Frameworks */ = {
			isa = PBXFrameworksBuildPhase;
			buildActionMask = 2147483647;
			files = (
			);
			runOnlyForDeploymentPostprocessing = 0;
		};
		220A1BC82C6EDB17005046C8 /* Frameworks */ = {
			isa = PBXFrameworksBuildPhase;
			buildActionMask = 2147483647;
			files = (
			);
			runOnlyForDeploymentPostprocessing = 0;
		};
		220A1BD22C6EDB17005046C8 /* Frameworks */ = {
			isa = PBXFrameworksBuildPhase;
			buildActionMask = 2147483647;
			files = (
			);
			runOnlyForDeploymentPostprocessing = 0;
		};
/* End PBXFrameworksBuildPhase section */

/* Begin PBXGroup section */
		220A1BA72C6EDB10005046C8 = {
			isa = PBXGroup;
			children = (
				220A1BB22C6EDB10005046C8 /* tarea1 */,
				220A1BCE2C6EDB17005046C8 /* tarea1Tests */,
				220A1BD82C6EDB17005046C8 /* tarea1UITests */,
				220A1BB12C6EDB10005046C8 /* Products */,
			);
			sourceTree = "<group>";
		};
		220A1BB12C6EDB10005046C8 /* Products */ = {
			isa = PBXGroup;
			children = (
				220A1BB02C6EDB10005046C8 /* tarea1.app */,
				220A1BCB2C6EDB17005046C8 /* tarea1Tests.xctest */,
				220A1BD52C6EDB17005046C8 /* tarea1UITests.xctest */,
			);
			name = Products;
			sourceTree = "<group>";
		};
		220A1BB22C6EDB10005046C8 /* tarea1 */ = {
			isa = PBXGroup;
			children = (
				220A1BB32C6EDB11005046C8 /* AppDelegate.h */,
				220A1BB42C6EDB11005046C8 /* AppDelegate.m */,
				220A1BB62C6EDB11005046C8 /* SceneDelegate.h */,
				220A1BB72C6EDB11005046C8 /* SceneDelegate.m */,
				220A1BB92C6EDB11005046C8 /* ViewController.h */,
				220A1BBA2C6EDB11005046C8 /* ViewController.m */,
				220A1BBC2C6EDB11005046C8 /* Main.storyboard */,
				220A1BBF2C6EDB16005046C8 /* Assets.xcassets */,
				220A1BC12C6EDB16005046C8 /* LaunchScreen.storyboard */,
				220A1BC42C6EDB16005046C8 /* Info.plist */,
				220A1BC52C6EDB16005046C8 /* main.m */,
			);
			path = tarea1;
			sourceTree = "<group>";
		};
		220A1BCE2C6EDB17005046C8 /* tarea1Tests */ = {
			isa = PBXGroup;
			children = (
				220A1BCF2C6EDB17005046C8 /* tarea1Tests.m */,
			);
			path = tarea1Tests;
			sourceTree = "<group>";
		};
		220A1BD82C6EDB17005046C8 /* tarea1UITests */ = {
			isa = PBXGroup;
			children = (
				220A1BD92C6EDB17005046C8 /* tarea1UITests.m */,
				220A1BDB2C6EDB17005046C8 /* tarea1UITestsLaunchTests.m */,
			);
			path = tarea1UITests;
			sourceTree = "<group>";
		};
/* End PBXGroup section */

/* Begin PBXNativeTarget section */
		220A1BAF2C6EDB10005046C8 /* tarea1 */ = {
			isa = PBXNativeTarget;
			buildConfigurationList = 220A1BDF2C6EDB17005046C8 /* Build configuration list for PBXNativeTarget "tarea1" */;
			buildPhases = (
				220A1BAC2C6EDB10005046C8 /* Sources */,
				220A1BAD2C6EDB10005046C8 /* Frameworks */,
				220A1BAE2C6EDB10005046C8 /* Resources */,
			);
			buildRules = (
			);
			dependencies = (
			);
			name = tarea1;
			productName = tarea1;
			productReference = 220A1BB02C6EDB10005046C8 /* tarea1.app */;
			productType = "com.apple.product-type.application";
		};
		220A1BCA2C6EDB17005046C8 /* tarea1Tests */ = {
			isa = PBXNativeTarget;
			buildConfigurationList = 220A1BE22C6EDB17005046C8 /* Build configuration list for PBXNativeTarget "tarea1Tests" */;
			buildPhases = (
				220A1BC72C6EDB17005046C8 /* Sources */,
				220A1BC82C6EDB17005046C8 /* Frameworks */,
				220A1BC92C6EDB17005046C8 /* Resources */,
			);
			buildRules = (
			);
			dependencies = (
				220A1BCD2C6EDB17005046C8 /* PBXTargetDependency */,
			);
			name = tarea1Tests;
			productName = tarea1Tests;
			productReference = 220A1BCB2C6EDB17005046C8 /* tarea1Tests.xctest */;
			productType = "com.apple.product-type.bundle.unit-test";
		};
		220A1BD42C6EDB17005046C8 /* tarea1UITests */ = {
			isa = PBXNativeTarget;
			buildConfigurationList = 220A1BE52C6EDB17005046C8 /* Build configuration list for PBXNativeTarget "tarea1UITests" */;
			buildPhases = (
				220A1BD12C6EDB17005046C8 /* Sources */,
				220A1BD22C6EDB17005046C8 /* Frameworks */,
				220A1BD32C6EDB17005046C8 /* Resources */,
			);
			buildRules = (
			);
			dependencies = (
				220A1BD72C6EDB17005046C8 /* PBXTargetDependency */,
			);
			name = tarea1UITests;
			productName = tarea1UITests;
			productReference = 220A1BD52C6EDB17005046C8 /* tarea1UITests.xctest */;
			productType = "com.apple.product-type.bundle.ui-testing";
		};
/* End PBXNativeTarget section */

/* Begin PBXProject section */
		220A1BA82C6EDB10005046C8 /* Project object */ = {
			isa = PBXProject;
			attributes = {
				BuildIndependentTargetsInParallel = 1;
				LastUpgradeCheck = 1320;
				TargetAttributes = {
					220A1BAF2C6EDB10005046C8 = {
						CreatedOnToolsVersion = 13.2.1;
					};
					220A1BCA2C6EDB17005046C8 = {
						CreatedOnToolsVersion = 13.2.1;
						TestTargetID = 220A1BAF2C6EDB10005046C8;
					};
					220A1BD42C6EDB17005046C8 = {
						CreatedOnToolsVersion = 13.2.1;
						TestTargetID = 220A1BAF2C6EDB10005046C8;
					};
				};
			};
			buildConfigurationList = 220A1BAB2C6EDB10005046C8 /* Build configuration list for PBXProject "tarea1" */;
			compatibilityVersion = "Xcode 13.0";
			developmentRegion = en;
			hasScannedForEncodings = 0;
			knownRegions = (
				en,
				Base,
			);
			mainGroup = 220A1BA72C6EDB10005046C8;
			productRefGroup = 220A1BB12C6EDB10005046C8 /* Products */;
			projectDirPath = "";
			projectRoot = "";
			targets = (
				220A1BAF2C6EDB10005046C8 /* tarea1 */,
				220A1BCA2C6EDB17005046C8 /* tarea1Tests */,
				220A1BD42C6EDB17005046C8 /* tarea1UITests */,
			);
		};
/* End PBXProject section */

/* Begin PBXResourcesBuildPhase section */
		220A1BAE2C6EDB10005046C8 /* Resources */ = {
			isa = PBXResourcesBuildPhase;
			buildActionMask = 2147483647;
			files = (
				220A1BC32C6EDB16005046C8 /* LaunchScreen.storyboard in Resources */,
				220A1BC02C6EDB16005046C8 /* Assets.xcassets in Resources */,
				220A1BBE2C6EDB11005046C8 /* Main.storyboard in Resources */,
			);
			runOnlyForDeploymentPostprocessing = 0;
		};
		220A1BC92C6EDB17005046C8 /* Resources */ = {
			isa = PBXResourcesBuildPhase;
			buildActionMask = 2147483647;
			files = (
			);
			runOnlyForDeploymentPostprocessing = 0;
		};
		220A1BD32C6EDB17005046C8 /* Resources */ = {
			isa = PBXResourcesBuildPhase;
			buildActionMask = 2147483647;
			files = (
			);
			runOnlyForDeploymentPostprocessing = 0;
		};
/* End PBXResourcesBuildPhase section */

/* Begin PBXSourcesBuildPhase section */
		220A1BAC2C6EDB10005046C8 /* Sources */ = {
			isa = PBXSourcesBuildPhase;
			buildActionMask = 2147483647;
			files = (
				220A1BBB2C6EDB11005046C8 /* ViewController.m in Sources */,
				220A1BB52C6EDB11005046C8 /* AppDelegate.m in Sources */,
				220A1BC62C6EDB16005046C8 /* main.m in Sources */,
				220A1BB82C6EDB11005046C8 /* SceneDelegate.m in Sources */,
			);
			runOnlyForDeploymentPostprocessing = 0;
		};
		220A1BC72C6EDB17005046C8 /* Sources */ = {
			isa = PBXSourcesBuildPhase;
			buildActionMask = 2147483647;
			files = (
				220A1BD02C6EDB17005046C8 /* tarea1Tests.m in Sources */,
			);
			runOnlyForDeploymentPostprocessing = 0;
		};
		220A1BD12C6EDB17005046C8 /* Sources */ = {
			isa = PBXSourcesBuildPhase;
			buildActionMask = 2147483647;
			files = (
				220A1BDC2C6EDB17005046C8 /* tarea1UITestsLaunchTests.m in Sources */,
				220A1BDA2C6EDB17005046C8 /* tarea1UITests.m in Sources */,
			);
			runOnlyForDeploymentPostprocessing = 0;
		};
/* End PBXSourcesBuildPhase section */

/* Begin PBXTargetDependency section */
		220A1BCD2C6EDB17005046C8 /* PBXTargetDependency */ = {
			isa = PBXTargetDependency;
			target = 220A1BAF2C6EDB10005046C8 /* tarea1 */;
			targetProxy = 220A1BCC2C6EDB17005046C8 /* PBXContainerItemProxy */;
		};
		220A1BD72C6EDB17005046C8 /* PBXTargetDependency */ = {
			isa = PBXTargetDependency;
			target = 220A1BAF2C6EDB10005046C8 /* tarea1 */;
			targetProxy = 220A1BD62C6EDB17005046C8 /* PBXContainerItemProxy */;
		};
/* End PBXTargetDependency section */

/* Begin PBXVariantGroup section */
		220A1BBC2C6EDB11005046C8 /* Main.storyboard */ = {
			isa = PBXVariantGroup;
			children = (
				220A1BBD2C6EDB11005046C8 /* Base */,
			);
			name = Main.storyboard;
			sourceTree = "<group>";
		};
		220A1BC12C6EDB16005046C8 /* LaunchScreen.storyboard */ = {
			isa = PBXVariantGroup;
			children = (
				220A1BC22C6EDB16005046C8 /* Base */,
			);
			name = LaunchScreen.storyboard;
			sourceTree = "<group>";
		};
/* End PBXVariantGroup section */

/* Begin XCBuildConfiguration section */
		220A1BDD2C6EDB17005046C8 /* Debug */ = {
			isa = XCBuildConfiguration;
			buildSettings = {
				ALWAYS_SEARCH_USER_PATHS = NO;
				CLANG_ANALYZER_NONNULL = YES;
				CLANG_ANALYZER_NUMBER_OBJECT_CONVERSION = YES_AGGRESSIVE;
				CLANG_CXX_LANGUAGE_STANDARD = "gnu++17";
				CLANG_CXX_LIBRARY = "libc++";
				CLANG_ENABLE_MODULES = YES;
				CLANG_ENABLE_OBJC_ARC = YES;
				CLANG_ENABLE_OBJC_WEAK = YES;
				CLANG_WARN_BLOCK_CAPTURE_AUTORELEASING = YES;
				CLANG_WARN_BOOL_CONVERSION = YES;
				CLANG_WARN_COMMA = YES;
				CLANG_WARN_CONSTANT_CONVERSION = YES;
				CLANG_WARN_DEPRECATED_OBJC_IMPLEMENTATIONS = YES;
				CLANG_WARN_DIRECT_OBJC_ISA_USAGE = YES_ERROR;
				CLANG_WARN_DOCUMENTATION_COMMENTS = YES;
				CLANG_WARN_EMPTY_BODY = YES;
				CLANG_WARN_ENUM_CONVERSION = YES;
				CLANG_WARN_INFINITE_RECURSION = YES;
				CLANG_WARN_INT_CONVERSION = YES;
				CLANG_WARN_NON_LITERAL_NULL_CONVERSION = YES;
				CLANG_WARN_OBJC_IMPLICIT_RETAIN_SELF = YES;
				CLANG_WARN_OBJC_LITERAL_CONVERSION = YES;
				CLANG_WARN_OBJC_ROOT_CLASS = YES_ERROR;
				CLANG_WARN_QUOTED_INCLUDE_IN_FRAMEWORK_HEADER = YES;
				CLANG_WARN_RANGE_LOOP_ANALYSIS = YES;
				CLANG_WARN_STRICT_PROTOTYPES = YES;
				CLANG_WARN_SUSPICIOUS_MOVE = YES;
				CLANG_WARN_UNGUARDED_AVAILABILITY = YES_AGGRESSIVE;
				CLANG_WARN_UNREACHABLE_CODE = YES;
				CLANG_WARN__DUPLICATE_METHOD_MATCH = YES;
				COPY_PHASE_STRIP = NO;
				DEBUG_INFORMATION_FORMAT = dwarf;
				ENABLE_STRICT_OBJC_MSGSEND = YES;
				ENABLE_TESTABILITY = YES;
				GCC_C_LANGUAGE_STANDARD = gnu11;
				GCC_DYNAMIC_NO_PIC = NO;
				GCC_NO_COMMON_BLOCKS = YES;
				GCC_OPTIMIZATION_LEVEL = 0;
				GCC_PREPROCESSOR_DEFINITIONS = (
					"DEBUG=1",
					"$(inherited)",
				);
				GCC_WARN_64_TO_32_BIT_CONVERSION = YES;
				GCC_WARN_ABOUT_RETURN_TYPE = YES_ERROR;
				GCC_WARN_UNDECLARED_SELECTOR = YES;
				GCC_WARN_UNINITIALIZED_AUTOS = YES_AGGRESSIVE;
				GCC_WARN_UNUSED_FUNCTION = YES;
				GCC_WARN_UNUSED_VARIABLE = YES;
				IPHONEOS_DEPLOYMENT_TARGET = 15.2;
				MTL_ENABLE_DEBUG_INFO = INCLUDE_SOURCE;
				MTL_FAST_MATH = YES;
				ONLY_ACTIVE_ARCH = YES;
				SDKROOT = iphoneos;
			};
			name = Debug;
		};
		220A1BDE2C6EDB17005046C8 /* Release */ = {
			isa = XCBuildConfiguration;
			buildSettings = {
				ALWAYS_SEARCH_USER_PATHS = NO;
				CLANG_ANALYZER_NONNULL = YES;
				CLANG_ANALYZER_NUMBER_OBJECT_CONVERSION = YES_AGGRESSIVE;
				CLANG_CXX_LANGUAGE_STANDARD = "gnu++17";
				CLANG_CXX_LIBRARY = "libc++";
				CLANG_ENABLE_MODULES = YES;
				CLANG_ENABLE_OBJC_ARC = YES;
				CLANG_ENABLE_OBJC_WEAK = YES;
				CLANG_WARN_BLOCK_CAPTURE_AUTORELEASING = YES;
				CLANG_WARN_BOOL_CONVERSION = YES;
				CLANG_WARN_COMMA = YES;
				CLANG_WARN_CONSTANT_CONVERSION = YES;
				CLANG_WARN_DEPRECATED_OBJC_IMPLEMENTATIONS = YES;
				CLANG_WARN_DIRECT_OBJC_ISA_USAGE = YES_ERROR;
				CLANG_WARN_DOCUMENTATION_COMMENTS = YES;
				CLANG_WARN_EMPTY_BODY = YES;
				CLANG_WARN_ENUM_CONVERSION = YES;
				CLANG_WARN_INFINITE_RECURSION = YES;
				CLANG_WARN_INT_CONVERSION = YES;
				CLANG_WARN_NON_LITERAL_NULL_CONVERSION = YES;
				CLANG_WARN_OBJC_IMPLICIT_RETAIN_SELF = YES;
				CLANG_WARN_OBJC_LITERAL_CONVERSION = YES;
				CLANG_WARN_OBJC_ROOT_CLASS = YES_ERROR;
				CLANG_WARN_QUOTED_INCLUDE_IN_FRAMEWORK_HEADER = YES;
				CLANG_WARN_RANGE_LOOP_ANALYSIS = YES;
				CLANG_WARN_STRICT_PROTOTYPES = YES;
				CLANG_WARN_SUSPICIOUS_MOVE = YES;
				CLANG_WARN_UNGUARDED_AVAILABILITY = YES_AGGRESSIVE;
				CLANG_WARN_UNREACHABLE_CODE = YES;
				CLANG_WARN__DUPLICATE_METHOD_MATCH = YES;
				COPY_PHASE_STRIP = NO;
				DEBUG_INFORMATION_FORMAT = "dwarf-with-dsym";
				ENABLE_NS_ASSERTIONS = NO;
				ENABLE_STRICT_OBJC_MSGSEND = YES;
				GCC_C_LANGUAGE_STANDARD = gnu11;
				GCC_NO_COMMON_BLOCKS = YES;
				GCC_WARN_64_TO_32_BIT_CONVERSION = YES;
				GCC_WARN_ABOUT_RETURN_TYPE = YES_ERROR;
				GCC_WARN_UNDECLARED_SELECTOR = YES;
				GCC_WARN_UNINITIALIZED_AUTOS = YES_AGGRESSIVE;
				GCC_WARN_UNUSED_FUNCTION = YES;
				GCC_WARN_UNUSED_VARIABLE = YES;
				IPHONEOS_DEPLOYMENT_TARGET = 15.2;
				MTL_ENABLE_DEBUG_INFO = NO;
				MTL_FAST_MATH = YES;
				SDKROOT = iphoneos;
				VALIDATE_PRODUCT = YES;
			};
			name = Release;
		};
		220A1BE02C6EDB17005046C8 /* Debug */ = {
			isa = XCBuildConfiguration;
			buildSettings = {
				ASSETCATALOG_COMPILER_APPICON_NAME = AppIcon;
				ASSETCATALOG_COMPILER_GLOBAL_ACCENT_COLOR_NAME = AccentColor;
				CODE_SIGN_STYLE = Automatic;
				CURRENT_PROJECT_VERSION = 1;
				GENERATE_INFOPLIST_FILE = YES;
				INFOPLIST_FILE = tarea1/Info.plist;
				INFOPLIST_KEY_UIApplicationSupportsIndirectInputEvents = YES;
				INFOPLIST_KEY_UILaunchStoryboardName = LaunchScreen;
				INFOPLIST_KEY_UIMainStoryboardFile = Main;
				INFOPLIST_KEY_UISupportedInterfaceOrientations_iPad = "UIInterfaceOrientationPortrait UIInterfaceOrientationPortraitUpsideDown UIInterfaceOrientationLandscapeLeft UIInterfaceOrientationLandscapeRight";
				INFOPLIST_KEY_UISupportedInterfaceOrientations_iPhone = "UIInterfaceOrientationPortrait UIInterfaceOrientationLandscapeLeft UIInterfaceOrientationLandscapeRight";
				LD_RUNPATH_SEARCH_PATHS = (
					"$(inherited)",
					"@executable_path/Frameworks",
				);
				MARKETING_VERSION = 1.0;
				PRODUCT_BUNDLE_IDENTIFIER = zore.tarea1;
				PRODUCT_NAME = "$(TARGET_NAME)";
				SWIFT_EMIT_LOC_STRINGS = YES;
				TARGETED_DEVICE_FAMILY = "1,2";
			};
			name = Debug;
		};
		220A1BE12C6EDB17005046C8 /* Release */ = {
			isa = XCBuildConfiguration;
			buildSettings = {
				ASSETCATALOG_COMPILER_APPICON_NAME = AppIcon;
				ASSETCATALOG_COMPILER_GLOBAL_ACCENT_COLOR_NAME = AccentColor;
				CODE_SIGN_STYLE = Automatic;
				CURRENT_PROJECT_VERSION = 1;
				GENERATE_INFOPLIST_FILE = YES;
				INFOPLIST_FILE = tarea1/Info.plist;
				INFOPLIST_KEY_UIApplicationSupportsIndirectInputEvents = YES;
				INFOPLIST_KEY_UILaunchStoryboardName = LaunchScreen;
				INFOPLIST_KEY_UIMainStoryboardFile = Main;
				INFOPLIST_KEY_UISupportedInterfaceOrientations_iPad = "UIInterfaceOrientationPortrait UIInterfaceOrientationPortraitUpsideDown UIInterfaceOrientationLandscapeLeft UIInterfaceOrientationLandscapeRight";
				INFOPLIST_KEY_UISupportedInterfaceOrientations_iPhone = "UIInterfaceOrientationPortrait UIInterfaceOrientationLandscapeLeft UIInterfaceOrientationLandscapeRight";
				LD_RUNPATH_SEARCH_PATHS = (
					"$(inherited)",
					"@executable_path/Frameworks",
				);
				MARKETING_VERSION = 1.0;
				PRODUCT_BUNDLE_IDENTIFIER = zore.tarea1;
				PRODUCT_NAME = "$(TARGET_NAME)";
				SWIFT_EMIT_LOC_STRINGS = YES;
				TARGETED_DEVICE_FAMILY = "1,2";
			};
			name = Release;
		};
		220A1BE32C6EDB17005046C8 /* Debug */ = {
			isa = XCBuildConfiguration;
			buildSettings = {
				BUNDLE_LOADER = "$(TEST_HOST)";
				CODE_SIGN_STYLE = Automatic;
				CURRENT_PROJECT_VERSION = 1;
				GENERATE_INFOPLIST_FILE = YES;
				IPHONEOS_DEPLOYMENT_TARGET = 15.2;
				MARKETING_VERSION = 1.0;
				PRODUCT_BUNDLE_IDENTIFIER = zore.tarea1Tests;
				PRODUCT_NAME = "$(TARGET_NAME)";
				SWIFT_EMIT_LOC_STRINGS = NO;
				TARGETED_DEVICE_FAMILY = "1,2";
				TEST_HOST = "$(BUILT_PRODUCTS_DIR)/tarea1.app/tarea1";
			};
			name = Debug;
		};
		220A1BE42C6EDB17005046C8 /* Release */ = {
			isa = XCBuildConfiguration;
			buildSettings = {
				BUNDLE_LOADER = "$(TEST_HOST)";
				CODE_SIGN_STYLE = Automatic;
				CURRENT_PROJECT_VERSION = 1;
				GENERATE_INFOPLIST_FILE = YES;
				IPHONEOS_DEPLOYMENT_TARGET = 15.2;
				MARKETING_VERSION = 1.0;
				PRODUCT_BUNDLE_IDENTIFIER = zore.tarea1Tests;
				PRODUCT_NAME = "$(TARGET_NAME)";
				SWIFT_EMIT_LOC_STRINGS = NO;
				TARGETED_DEVICE_FAMILY = "1,2";
				TEST_HOST = "$(BUILT_PRODUCTS_DIR)/tarea1.app/tarea1";
			};
			name = Release;
		};
		220A1BE62C6EDB17005046C8 /* Debug */ = {
			isa = XCBuildConfiguration;
			buildSettings = {
				CODE_SIGN_STYLE = Automatic;
				CURRENT_PROJECT_VERSION = 1;
				GENERATE_INFOPLIST_FILE = YES;
				MARKETING_VERSION = 1.0;
				PRODUCT_BUNDLE_IDENTIFIER = zore.tarea1UITests;
				PRODUCT_NAME = "$(TARGET_NAME)";
				SWIFT_EMIT_LOC_STRINGS = NO;
				TARGETED_DEVICE_FAMILY = "1,2";
				TEST_TARGET_NAME = tarea1;
			};
			name = Debug;
		};
		220A1BE72C6EDB17005046C8 /* Release */ = {
			isa = XCBuildConfiguration;
			buildSettings = {
				CODE_SIGN_STYLE = Automatic;
				CURRENT_PROJECT_VERSION = 1;
				GENERATE_INFOPLIST_FILE = YES;
				MARKETING_VERSION = 1.0;
				PRODUCT_BUNDLE_IDENTIFIER = zore.tarea1UITests;
				PRODUCT_NAME = "$(TARGET_NAME)";
				SWIFT_EMIT_LOC_STRINGS = NO;
				TARGETED_DEVICE_FAMILY = "1,2";
				TEST_TARGET_NAME = tarea1;
			};
			name = Release;
		};
/* End XCBuildConfiguration section */

/* Begin XCConfigurationList section */
		220A1BAB2C6EDB10005046C8 /* Build configuration list for PBXProject "tarea1" */ = {
			isa = XCConfigurationList;
			buildConfigurations = (
				220A1BDD2C6EDB17005046C8 /* Debug */,
				220A1BDE2C6EDB17005046C8 /* Release */,
			);
			defaultConfigurationIsVisible = 0;
			defaultConfigurationName = Release;
		};
		220A1BDF2C6EDB17005046C8 /* Build configuration list for PBXNativeTarget "tarea1" */ = {
			isa = XCConfigurationList;
			buildConfigurations = (
				220A1BE02C6EDB17005046C8 /* Debug */,
				220A1BE12C6EDB17005046C8 /* Release */,
			);
			defaultConfigurationIsVisible = 0;
			defaultConfigurationName = Release;
		};
		220A1BE22C6EDB17005046C8 /* Build configuration list for PBXNativeTarget "tarea1Tests" */ = {
			isa = XCConfigurationList;
			buildConfigurations = (
				220A1BE32C6EDB17005046C8 /* Debug */,
				220A1BE42C6EDB17005046C8 /* Release */,
			);
			defaultConfigurationIsVisible = 0;
			defaultConfigurationName = Release;
		};
		220A1BE52C6EDB17005046C8 /* Build configuration list for PBXNativeTarget "tarea1UITests" */ = {
			isa = XCConfigurationList;
			buildConfigurations = (
				220A1BE62C6EDB17005046C8 /* Debug */,
				220A1BE72C6EDB17005046C8 /* Release */,
			);
			defaultConfigurationIsVisible = 0;
			defaultConfigurationName = Release;
		};
/* End XCConfigurationList section */
	};
	rootObject = 220A1BA82C6EDB10005046C8 /* Project object */;
}
